// !$*UTF8*$!
{
	archiveVersion = 1;
	classes = {
	};
	objectVersion = 56;
	objects = {

/* Begin PBXBuildFile section */
		B477B24A29B0A9D200CC4CF5 /* AppDelegate.swift in Sources */ = {isa = PBXBuildFile; fileRef = B477B24929B0A9D200CC4CF5 /* AppDelegate.swift */; };
		B477B24C29B0A9D200CC4CF5 /* SceneDelegate.swift in Sources */ = {isa = PBXBuildFile; fileRef = B477B24B29B0A9D200CC4CF5 /* SceneDelegate.swift */; };
		B477B24E29B0A9D200CC4CF5 /* ViewController.swift in Sources */ = {isa = PBXBuildFile; fileRef = B477B24D29B0A9D200CC4CF5 /* ViewController.swift */; };
		B477B25129B0A9D200CC4CF5 /* Main.storyboard in Resources */ = {isa = PBXBuildFile; fileRef = B477B24F29B0A9D200CC4CF5 /* Main.storyboard */; };
		B477B25329B0A9D300CC4CF5 /* Assets.xcassets in Resources */ = {isa = PBXBuildFile; fileRef = B477B25229B0A9D300CC4CF5 /* Assets.xcassets */; };
		B477B25629B0A9D300CC4CF5 /* LaunchScreen.storyboard in Resources */ = {isa = PBXBuildFile; fileRef = B477B25429B0A9D300CC4CF5 /* LaunchScreen.storyboard */; };
		B477B26629B0AAFB00CC4CF5 /* MainTabController.swift in Sources */ = {isa = PBXBuildFile; fileRef = B477B26529B0AAFB00CC4CF5 /* MainTabController.swift */; };
		B477B26A29B0ACAE00CC4CF5 /* FeedController.swift in Sources */ = {isa = PBXBuildFile; fileRef = B477B26929B0ACAE00CC4CF5 /* FeedController.swift */; };
		B477B26C29B0ACF100CC4CF5 /* ExploreController.swift in Sources */ = {isa = PBXBuildFile; fileRef = B477B26B29B0ACF100CC4CF5 /* ExploreController.swift */; };
		B477B26E29B0AD1D00CC4CF5 /* NotificationsController.swift in Sources */ = {isa = PBXBuildFile; fileRef = B477B26D29B0AD1D00CC4CF5 /* NotificationsController.swift */; };
		B477B27029B0AD3A00CC4CF5 /* ConversationsController.swift in Sources */ = {isa = PBXBuildFile; fileRef = B477B26F29B0AD3A00CC4CF5 /* ConversationsController.swift */; };
		B477B27329B8841200CC4CF5 /* SnapKit in Frameworks */ = {isa = PBXBuildFile; productRef = B477B27229B8841200CC4CF5 /* SnapKit */; };
		B477B27529B885EA00CC4CF5 /* Extensions.swift in Sources */ = {isa = PBXBuildFile; fileRef = B477B27429B885EA00CC4CF5 /* Extensions.swift */; };
		B477B27829B890BE00CC4CF5 /* LoginController.swift in Sources */ = {isa = PBXBuildFile; fileRef = B477B27729B890BE00CC4CF5 /* LoginController.swift */; };
		B477B28029BA047D00CC4CF5 /* Utilities.swift in Sources */ = {isa = PBXBuildFile; fileRef = B477B27F29BA047D00CC4CF5 /* Utilities.swift */; };
		B477B28629BB1AE100CC4CF5 /* RegistrationController.swift in Sources */ = {isa = PBXBuildFile; fileRef = B477B28529BB1AE100CC4CF5 /* RegistrationController.swift */; };
		B477B28929BB277200CC4CF5 /* FirebaseAuth in Frameworks */ = {isa = PBXBuildFile; productRef = B477B28829BB277200CC4CF5 /* FirebaseAuth */; };
		B477B28B29BB277200CC4CF5 /* FirebaseDatabase in Frameworks */ = {isa = PBXBuildFile; productRef = B477B28A29BB277200CC4CF5 /* FirebaseDatabase */; };
		B477B28D29BB277200CC4CF5 /* FirebaseStorage in Frameworks */ = {isa = PBXBuildFile; productRef = B477B28C29BB277200CC4CF5 /* FirebaseStorage */; };
		B477B28F29BB28C700CC4CF5 /* GoogleService-Info.plist in Resources */ = {isa = PBXBuildFile; fileRef = B477B28E29BB28C700CC4CF5 /* GoogleService-Info.plist */; };
		B477B29129BF479B00CC4CF5 /* Constants.swift in Sources */ = {isa = PBXBuildFile; fileRef = B477B29029BF479B00CC4CF5 /* Constants.swift */; };
/* End PBXBuildFile section */

/* Begin PBXFileReference section */
		B477B24629B0A9D200CC4CF5 /* TwitterClone.app */ = {isa = PBXFileReference; explicitFileType = wrapper.application; includeInIndex = 0; path = TwitterClone.app; sourceTree = BUILT_PRODUCTS_DIR; };
		B477B24929B0A9D200CC4CF5 /* AppDelegate.swift */ = {isa = PBXFileReference; lastKnownFileType = sourcecode.swift; path = AppDelegate.swift; sourceTree = "<group>"; };
		B477B24B29B0A9D200CC4CF5 /* SceneDelegate.swift */ = {isa = PBXFileReference; lastKnownFileType = sourcecode.swift; path = SceneDelegate.swift; sourceTree = "<group>"; };
		B477B24D29B0A9D200CC4CF5 /* ViewController.swift */ = {isa = PBXFileReference; lastKnownFileType = sourcecode.swift; path = ViewController.swift; sourceTree = "<group>"; };
		B477B25029B0A9D200CC4CF5 /* Base */ = {isa = PBXFileReference; lastKnownFileType = file.storyboard; name = Base; path = Base.lproj/Main.storyboard; sourceTree = "<group>"; };
		B477B25229B0A9D300CC4CF5 /* Assets.xcassets */ = {isa = PBXFileReference; lastKnownFileType = folder.assetcatalog; path = Assets.xcassets; sourceTree = "<group>"; };
		B477B25529B0A9D300CC4CF5 /* Base */ = {isa = PBXFileReference; lastKnownFileType = file.storyboard; name = Base; path = Base.lproj/LaunchScreen.storyboard; sourceTree = "<group>"; };
		B477B25729B0A9D300CC4CF5 /* Info.plist */ = {isa = PBXFileReference; lastKnownFileType = text.plist.xml; path = Info.plist; sourceTree = "<group>"; };
		B477B26529B0AAFB00CC4CF5 /* MainTabController.swift */ = {isa = PBXFileReference; lastKnownFileType = sourcecode.swift; path = MainTabController.swift; sourceTree = "<group>"; };
		B477B26929B0ACAE00CC4CF5 /* FeedController.swift */ = {isa = PBXFileReference; lastKnownFileType = sourcecode.swift; path = FeedController.swift; sourceTree = "<group>"; };
		B477B26B29B0ACF100CC4CF5 /* ExploreController.swift */ = {isa = PBXFileReference; lastKnownFileType = sourcecode.swift; path = ExploreController.swift; sourceTree = "<group>"; };
		B477B26D29B0AD1D00CC4CF5 /* NotificationsController.swift */ = {isa = PBXFileReference; lastKnownFileType = sourcecode.swift; path = NotificationsController.swift; sourceTree = "<group>"; };
		B477B26F29B0AD3A00CC4CF5 /* ConversationsController.swift */ = {isa = PBXFileReference; lastKnownFileType = sourcecode.swift; path = ConversationsController.swift; sourceTree = "<group>"; };
		B477B27429B885EA00CC4CF5 /* Extensions.swift */ = {isa = PBXFileReference; lastKnownFileType = sourcecode.swift; path = Extensions.swift; sourceTree = "<group>"; };
		B477B27729B890BE00CC4CF5 /* LoginController.swift */ = {isa = PBXFileReference; lastKnownFileType = sourcecode.swift; path = LoginController.swift; sourceTree = "<group>"; };
		B477B27F29BA047D00CC4CF5 /* Utilities.swift */ = {isa = PBXFileReference; lastKnownFileType = sourcecode.swift; path = Utilities.swift; sourceTree = "<group>"; };
		B477B28529BB1AE100CC4CF5 /* RegistrationController.swift */ = {isa = PBXFileReference; lastKnownFileType = sourcecode.swift; path = RegistrationController.swift; sourceTree = "<group>"; };
		B477B28E29BB28C700CC4CF5 /* GoogleService-Info.plist */ = {isa = PBXFileReference; fileEncoding = 4; lastKnownFileType = text.plist.xml; path = "GoogleService-Info.plist"; sourceTree = "<group>"; };
		B477B29029BF479B00CC4CF5 /* Constants.swift */ = {isa = PBXFileReference; lastKnownFileType = sourcecode.swift; path = Constants.swift; sourceTree = "<group>"; };
/* End PBXFileReference section */

/* Begin PBXFrameworksBuildPhase section */
		B477B24329B0A9D200CC4CF5 /* Frameworks */ = {
			isa = PBXFrameworksBuildPhase;
			buildActionMask = 2147483647;
			files = (
				B477B28B29BB277200CC4CF5 /* FirebaseDatabase in Frameworks */,
				B477B28D29BB277200CC4CF5 /* FirebaseStorage in Frameworks */,
				B477B27329B8841200CC4CF5 /* SnapKit in Frameworks */,
				B477B28929BB277200CC4CF5 /* FirebaseAuth in Frameworks */,
			);
			runOnlyForDeploymentPostprocessing = 0;
		};
/* End PBXFrameworksBuildPhase section */

/* Begin PBXGroup section */
		B477B23D29B0A9D200CC4CF5 = {
			isa = PBXGroup;
			children = (
				B477B24829B0A9D200CC4CF5 /* TwitterClone */,
				B477B24729B0A9D200CC4CF5 /* Products */,
			);
			sourceTree = "<group>";
		};
		B477B24729B0A9D200CC4CF5 /* Products */ = {
			isa = PBXGroup;
			children = (
				B477B24629B0A9D200CC4CF5 /* TwitterClone.app */,
			);
			name = Products;
			sourceTree = "<group>";
		};
		B477B24829B0A9D200CC4CF5 /* TwitterClone */ = {
			isa = PBXGroup;
			children = (
				B477B26329B0AA1B00CC4CF5 /* Model */,
				B477B26229B0AA1A00CC4CF5 /* View */,
				B477B26129B0AA1800CC4CF5 /* ViewModel */,
				B477B26029B0AA1700CC4CF5 /* Controller */,
				B477B25D29B0AA0F00CC4CF5 /* API */,
				B477B26429B0AA4100CC4CF5 /* Utils */,
				B477B24B29B0A9D200CC4CF5 /* SceneDelegate.swift */,
				B477B24929B0A9D200CC4CF5 /* AppDelegate.swift */,
				B477B24D29B0A9D200CC4CF5 /* ViewController.swift */,
				B477B24F29B0A9D200CC4CF5 /* Main.storyboard */,
				B477B28E29BB28C700CC4CF5 /* GoogleService-Info.plist */,
				B477B25229B0A9D300CC4CF5 /* Assets.xcassets */,
				B477B25429B0A9D300CC4CF5 /* LaunchScreen.storyboard */,
				B477B25729B0A9D300CC4CF5 /* Info.plist */,
			);
			path = TwitterClone;
			sourceTree = "<group>";
		};
		B477B25D29B0AA0F00CC4CF5 /* API */ = {
			isa = PBXGroup;
			children = (
			);
			path = API;
			sourceTree = "<group>";
		};
		B477B26029B0AA1700CC4CF5 /* Controller */ = {
			isa = PBXGroup;
			children = (
				B477B27629B8904E00CC4CF5 /* Authentication */,
				B477B26529B0AAFB00CC4CF5 /* MainTabController.swift */,
				B477B26929B0ACAE00CC4CF5 /* FeedController.swift */,
				B477B26B29B0ACF100CC4CF5 /* ExploreController.swift */,
				B477B26D29B0AD1D00CC4CF5 /* NotificationsController.swift */,
				B477B26F29B0AD3A00CC4CF5 /* ConversationsController.swift */,
			);
			path = Controller;
			sourceTree = "<group>";
		};
		B477B26129B0AA1800CC4CF5 /* ViewModel */ = {
			isa = PBXGroup;
			children = (
			);
			path = ViewModel;
			sourceTree = "<group>";
		};
		B477B26229B0AA1A00CC4CF5 /* View */ = {
			isa = PBXGroup;
			children = (
			);
			path = View;
			sourceTree = "<group>";
		};
		B477B26329B0AA1B00CC4CF5 /* Model */ = {
			isa = PBXGroup;
			children = (
			);
			path = Model;
			sourceTree = "<group>";
		};
		B477B26429B0AA4100CC4CF5 /* Utils */ = {
			isa = PBXGroup;
			children = (
				B477B27429B885EA00CC4CF5 /* Extensions.swift */,
				B477B27F29BA047D00CC4CF5 /* Utilities.swift */,
				B477B29029BF479B00CC4CF5 /* Constants.swift */,
			);
			path = Utils;
			sourceTree = "<group>";
		};
		B477B27629B8904E00CC4CF5 /* Authentication */ = {
			isa = PBXGroup;
			children = (
				B477B27729B890BE00CC4CF5 /* LoginController.swift */,
				B477B28529BB1AE100CC4CF5 /* RegistrationController.swift */,
			);
			path = Authentication;
			sourceTree = "<group>";
		};
/* End PBXGroup section */

/* Begin PBXNativeTarget section */
		B477B24529B0A9D200CC4CF5 /* TwitterClone */ = {
			isa = PBXNativeTarget;
			buildConfigurationList = B477B25A29B0A9D300CC4CF5 /* Build configuration list for PBXNativeTarget "TwitterClone" */;
			buildPhases = (
				B477B24229B0A9D200CC4CF5 /* Sources */,
				B477B24329B0A9D200CC4CF5 /* Frameworks */,
				B477B24429B0A9D200CC4CF5 /* Resources */,
			);
			buildRules = (
			);
			dependencies = (
			);
			name = TwitterClone;
			packageProductDependencies = (
				B477B27229B8841200CC4CF5 /* SnapKit */,
				B477B28829BB277200CC4CF5 /* FirebaseAuth */,
				B477B28A29BB277200CC4CF5 /* FirebaseDatabase */,
				B477B28C29BB277200CC4CF5 /* FirebaseStorage */,
			);
			productName = TwitterClone;
			productReference = B477B24629B0A9D200CC4CF5 /* TwitterClone.app */;
			productType = "com.apple.product-type.application";
		};
/* End PBXNativeTarget section */

/* Begin PBXProject section */
		B477B23E29B0A9D200CC4CF5 /* Project object */ = {
			isa = PBXProject;
			attributes = {
				BuildIndependentTargetsInParallel = 1;
				LastSwiftUpdateCheck = 1410;
				LastUpgradeCheck = 1410;
				TargetAttributes = {
					B477B24529B0A9D200CC4CF5 = {
						CreatedOnToolsVersion = 14.1;
					};
				};
			};
			buildConfigurationList = B477B24129B0A9D200CC4CF5 /* Build configuration list for PBXProject "TwitterClone" */;
			compatibilityVersion = "Xcode 14.0";
			developmentRegion = en;
			hasScannedForEncodings = 0;
			knownRegions = (
				en,
				Base,
			);
			mainGroup = B477B23D29B0A9D200CC4CF5;
			packageReferences = (
				B477B27129B8841200CC4CF5 /* XCRemoteSwiftPackageReference "SnapKit" */,
				B477B28729BB277200CC4CF5 /* XCRemoteSwiftPackageReference "firebase-ios-sdk" */,
			);
			productRefGroup = B477B24729B0A9D200CC4CF5 /* Products */;
			projectDirPath = "";
			projectRoot = "";
			targets = (
				B477B24529B0A9D200CC4CF5 /* TwitterClone */,
			);
		};
/* End PBXProject section */

/* Begin PBXResourcesBuildPhase section */
		B477B24429B0A9D200CC4CF5 /* Resources */ = {
			isa = PBXResourcesBuildPhase;
			buildActionMask = 2147483647;
			files = (
				B477B25629B0A9D300CC4CF5 /* LaunchScreen.storyboard in Resources */,
				B477B28F29BB28C700CC4CF5 /* GoogleService-Info.plist in Resources */,
				B477B25329B0A9D300CC4CF5 /* Assets.xcassets in Resources */,
				B477B25129B0A9D200CC4CF5 /* Main.storyboard in Resources */,
			);
			runOnlyForDeploymentPostprocessing = 0;
		};
/* End PBXResourcesBuildPhase section */

/* Begin PBXSourcesBuildPhase section */
		B477B24229B0A9D200CC4CF5 /* Sources */ = {
			isa = PBXSourcesBuildPhase;
			buildActionMask = 2147483647;
			files = (
				B477B24E29B0A9D200CC4CF5 /* ViewController.swift in Sources */,
				B477B27529B885EA00CC4CF5 /* Extensions.swift in Sources */,
				B477B28029BA047D00CC4CF5 /* Utilities.swift in Sources */,
				B477B24A29B0A9D200CC4CF5 /* AppDelegate.swift in Sources */,
				B477B27029B0AD3A00CC4CF5 /* ConversationsController.swift in Sources */,
				B477B26A29B0ACAE00CC4CF5 /* FeedController.swift in Sources */,
				B477B26629B0AAFB00CC4CF5 /* MainTabController.swift in Sources */,
				B477B29129BF479B00CC4CF5 /* Constants.swift in Sources */,
				B477B26E29B0AD1D00CC4CF5 /* NotificationsController.swift in Sources */,
				B477B24C29B0A9D200CC4CF5 /* SceneDelegate.swift in Sources */,
				B477B26C29B0ACF100CC4CF5 /* ExploreController.swift in Sources */,
				B477B28629BB1AE100CC4CF5 /* RegistrationController.swift in Sources */,
				B477B27829B890BE00CC4CF5 /* LoginController.swift in Sources */,
			);
			runOnlyForDeploymentPostprocessing = 0;
		};
/* End PBXSourcesBuildPhase section */

/* Begin PBXVariantGroup section */
		B477B24F29B0A9D200CC4CF5 /* Main.storyboard */ = {
			isa = PBXVariantGroup;
			children = (
				B477B25029B0A9D200CC4CF5 /* Base */,
			);
			name = Main.storyboard;
			sourceTree = "<group>";
		};
		B477B25429B0A9D300CC4CF5 /* LaunchScreen.storyboard */ = {
			isa = PBXVariantGroup;
			children = (
				B477B25529B0A9D300CC4CF5 /* Base */,
			);
			name = LaunchScreen.storyboard;
			sourceTree = "<group>";
		};
/* End PBXVariantGroup section */

/* Begin XCBuildConfiguration section */
		B477B25829B0A9D300CC4CF5 /* Debug */ = {
			isa = XCBuildConfiguration;
			buildSettings = {
				ALWAYS_SEARCH_USER_PATHS = NO;
				CLANG_ANALYZER_NONNULL = YES;
				CLANG_ANALYZER_NUMBER_OBJECT_CONVERSION = YES_AGGRESSIVE;
				CLANG_CXX_LANGUAGE_STANDARD = "gnu++20";
				CLANG_ENABLE_MODULES = YES;
				CLANG_ENABLE_OBJC_ARC = YES;
				CLANG_ENABLE_OBJC_WEAK = YES;
				CLANG_WARN_BLOCK_CAPTURE_AUTORELEASING = YES;
				CLANG_WARN_BOOL_CONVERSION = YES;
				CLANG_WARN_COMMA = YES;
				CLANG_WARN_CONSTANT_CONVERSION = YES;
				CLANG_WARN_DEPRECATED_OBJC_IMPLEMENTATIONS = YES;
				CLANG_WARN_DIRECT_OBJC_ISA_USAGE = YES_ERROR;
				CLANG_WARN_DOCUMENTATION_COMMENTS = YES;
				CLANG_WARN_EMPTY_BODY = YES;
				CLANG_WARN_ENUM_CONVERSION = YES;
				CLANG_WARN_INFINITE_RECURSION = YES;
				CLANG_WARN_INT_CONVERSION = YES;
				CLANG_WARN_NON_LITERAL_NULL_CONVERSION = YES;
				CLANG_WARN_OBJC_IMPLICIT_RETAIN_SELF = YES;
				CLANG_WARN_OBJC_LITERAL_CONVERSION = YES;
				CLANG_WARN_OBJC_ROOT_CLASS = YES_ERROR;
				CLANG_WARN_QUOTED_INCLUDE_IN_FRAMEWORK_HEADER = YES;
				CLANG_WARN_RANGE_LOOP_ANALYSIS = YES;
				CLANG_WARN_STRICT_PROTOTYPES = YES;
				CLANG_WARN_SUSPICIOUS_MOVE = YES;
				CLANG_WARN_UNGUARDED_AVAILABILITY = YES_AGGRESSIVE;
				CLANG_WARN_UNREACHABLE_CODE = YES;
				CLANG_WARN__DUPLICATE_METHOD_MATCH = YES;
				COPY_PHASE_STRIP = NO;
				DEBUG_INFORMATION_FORMAT = dwarf;
				ENABLE_STRICT_OBJC_MSGSEND = YES;
				ENABLE_TESTABILITY = YES;
				GCC_C_LANGUAGE_STANDARD = gnu11;
				GCC_DYNAMIC_NO_PIC = NO;
				GCC_NO_COMMON_BLOCKS = YES;
				GCC_OPTIMIZATION_LEVEL = 0;
				GCC_PREPROCESSOR_DEFINITIONS = (
					"DEBUG=1",
					"$(inherited)",
				);
				GCC_WARN_64_TO_32_BIT_CONVERSION = YES;
				GCC_WARN_ABOUT_RETURN_TYPE = YES_ERROR;
				GCC_WARN_UNDECLARED_SELECTOR = YES;
				GCC_WARN_UNINITIALIZED_AUTOS = YES_AGGRESSIVE;
				GCC_WARN_UNUSED_FUNCTION = YES;
				GCC_WARN_UNUSED_VARIABLE = YES;
				IPHONEOS_DEPLOYMENT_TARGET = 16.1;
				MTL_ENABLE_DEBUG_INFO = INCLUDE_SOURCE;
				MTL_FAST_MATH = YES;
				ONLY_ACTIVE_ARCH = YES;
				SDKROOT = iphoneos;
				SWIFT_ACTIVE_COMPILATION_CONDITIONS = DEBUG;
				SWIFT_OPTIMIZATION_LEVEL = "-Onone";
			};
			name = Debug;
		};
		B477B25929B0A9D300CC4CF5 /* Release */ = {
			isa = XCBuildConfiguration;
			buildSettings = {
				ALWAYS_SEARCH_USER_PATHS = NO;
				CLANG_ANALYZER_NONNULL = YES;
				CLANG_ANALYZER_NUMBER_OBJECT_CONVERSION = YES_AGGRESSIVE;
				CLANG_CXX_LANGUAGE_STANDARD = "gnu++20";
				CLANG_ENABLE_MODULES = YES;
				CLANG_ENABLE_OBJC_ARC = YES;
				CLANG_ENABLE_OBJC_WEAK = YES;
				CLANG_WARN_BLOCK_CAPTURE_AUTORELEASING = YES;
				CLANG_WARN_BOOL_CONVERSION = YES;
				CLANG_WARN_COMMA = YES;
				CLANG_WARN_CONSTANT_CONVERSION = YES;
				CLANG_WARN_DEPRECATED_OBJC_IMPLEMENTATIONS = YES;
				CLANG_WARN_DIRECT_OBJC_ISA_USAGE = YES_ERROR;
				CLANG_WARN_DOCUMENTATION_COMMENTS = YES;
				CLANG_WARN_EMPTY_BODY = YES;
				CLANG_WARN_ENUM_CONVERSION = YES;
				CLANG_WARN_INFINITE_RECURSION = YES;
				CLANG_WARN_INT_CONVERSION = YES;
				CLANG_WARN_NON_LITERAL_NULL_CONVERSION = YES;
				CLANG_WARN_OBJC_IMPLICIT_RETAIN_SELF = YES;
				CLANG_WARN_OBJC_LITERAL_CONVERSION = YES;
				CLANG_WARN_OBJC_ROOT_CLASS = YES_ERROR;
				CLANG_WARN_QUOTED_INCLUDE_IN_FRAMEWORK_HEADER = YES;
				CLANG_WARN_RANGE_LOOP_ANALYSIS = YES;
				CLANG_WARN_STRICT_PROTOTYPES = YES;
				CLANG_WARN_SUSPICIOUS_MOVE = YES;
				CLANG_WARN_UNGUARDED_AVAILABILITY = YES_AGGRESSIVE;
				CLANG_WARN_UNREACHABLE_CODE = YES;
				CLANG_WARN__DUPLICATE_METHOD_MATCH = YES;
				COPY_PHASE_STRIP = NO;
				DEBUG_INFORMATION_FORMAT = "dwarf-with-dsym";
				ENABLE_NS_ASSERTIONS = NO;
				ENABLE_STRICT_OBJC_MSGSEND = YES;
				GCC_C_LANGUAGE_STANDARD = gnu11;
				GCC_NO_COMMON_BLOCKS = YES;
				GCC_WARN_64_TO_32_BIT_CONVERSION = YES;
				GCC_WARN_ABOUT_RETURN_TYPE = YES_ERROR;
				GCC_WARN_UNDECLARED_SELECTOR = YES;
				GCC_WARN_UNINITIALIZED_AUTOS = YES_AGGRESSIVE;
				GCC_WARN_UNUSED_FUNCTION = YES;
				GCC_WARN_UNUSED_VARIABLE = YES;
				IPHONEOS_DEPLOYMENT_TARGET = 16.1;
				MTL_ENABLE_DEBUG_INFO = NO;
				MTL_FAST_MATH = YES;
				SDKROOT = iphoneos;
				SWIFT_COMPILATION_MODE = wholemodule;
				SWIFT_OPTIMIZATION_LEVEL = "-O";
				VALIDATE_PRODUCT = YES;
			};
			name = Release;
		};
		B477B25B29B0A9D300CC4CF5 /* Debug */ = {
			isa = XCBuildConfiguration;
			buildSettings = {
				ASSETCATALOG_COMPILER_APPICON_NAME = AppIcon;
				ASSETCATALOG_COMPILER_GLOBAL_ACCENT_COLOR_NAME = AccentColor;
				CODE_SIGN_STYLE = Automatic;
				CURRENT_PROJECT_VERSION = 1;
				DEVELOPMENT_TEAM = D6F6XU97QV;
				GENERATE_INFOPLIST_FILE = YES;
				INFOPLIST_FILE = TwitterClone/Info.plist;
				INFOPLIST_KEY_CFBundleDisplayName = "Twitter Clone";
				INFOPLIST_KEY_LSApplicationCategoryType = "public.app-category.social-networking";
				INFOPLIST_KEY_UIApplicationSupportsIndirectInputEvents = YES;
				INFOPLIST_KEY_UILaunchStoryboardName = LaunchScreen;
				INFOPLIST_KEY_UIMainStoryboardFile = Main;
				INFOPLIST_KEY_UISupportedInterfaceOrientations = UIInterfaceOrientationPortrait;
				INFOPLIST_KEY_UISupportedInterfaceOrientations_iPad = "UIInterfaceOrientationLandscapeLeft UIInterfaceOrientationLandscapeRight UIInterfaceOrientationPortrait UIInterfaceOrientationPortraitUpsideDown";
				IPHONEOS_DEPLOYMENT_TARGET = 13.0;
				LD_RUNPATH_SEARCH_PATHS = (
					"$(inherited)",
					"@executable_path/Frameworks",
				);
				MARKETING_VERSION = 1.0;
				PRODUCT_BUNDLE_IDENTIFIER = dev.yunusemrekaya.TwitterClone;
				PRODUCT_NAME = "$(TARGET_NAME)";
				SUPPORTED_PLATFORMS = "iphoneos iphonesimulator";
				SUPPORTS_MACCATALYST = NO;
				SUPPORTS_MAC_DESIGNED_FOR_IPHONE_IPAD = NO;
				SWIFT_EMIT_LOC_STRINGS = YES;
				SWIFT_VERSION = 5.0;
				TARGETED_DEVICE_FAMILY = 1;
			};
			name = Debug;
		};
		B477B25C29B0A9D300CC4CF5 /* Release */ = {
			isa = XCBuildConfiguration;
			buildSettings = {
				ASSETCATALOG_COMPILER_APPICON_NAME = AppIcon;
				ASSETCATALOG_COMPILER_GLOBAL_ACCENT_COLOR_NAME = AccentColor;
				CODE_SIGN_STYLE = Automatic;
				CURRENT_PROJECT_VERSION = 1;
				DEVELOPMENT_TEAM = D6F6XU97QV;
				GENERATE_INFOPLIST_FILE = YES;
				INFOPLIST_FILE = TwitterClone/Info.plist;
				INFOPLIST_KEY_CFBundleDisplayName = "Twitter Clone";
				INFOPLIST_KEY_LSApplicationCategoryType = "public.app-category.social-networking";
				INFOPLIST_KEY_UIApplicationSupportsIndirectInputEvents = YES;
				INFOPLIST_KEY_UILaunchStoryboardName = LaunchScreen;
				INFOPLIST_KEY_UIMainStoryboardFile = Main;
				INFOPLIST_KEY_UISupportedInterfaceOrientations = UIInterfaceOrientationPortrait;
				INFOPLIST_KEY_UISupportedInterfaceOrientations_iPad = "UIInterfaceOrientationLandscapeLeft UIInterfaceOrientationLandscapeRight UIInterfaceOrientationPortrait UIInterfaceOrientationPortraitUpsideDown";
				IPHONEOS_DEPLOYMENT_TARGET = 13.0;
				LD_RUNPATH_SEARCH_PATHS = (
					"$(inherited)",
					"@executable_path/Frameworks",
				);
				MARKETING_VERSION = 1.0;
				PRODUCT_BUNDLE_IDENTIFIER = dev.yunusemrekaya.TwitterClone;
				PRODUCT_NAME = "$(TARGET_NAME)";
				SUPPORTED_PLATFORMS = "iphoneos iphonesimulator";
				SUPPORTS_MACCATALYST = NO;
				SUPPORTS_MAC_DESIGNED_FOR_IPHONE_IPAD = NO;
				SWIFT_EMIT_LOC_STRINGS = YES;
				SWIFT_VERSION = 5.0;
				TARGETED_DEVICE_FAMILY = 1;
			};
			name = Release;
		};
/* End XCBuildConfiguration section */

/* Begin XCConfigurationList section */
		B477B24129B0A9D200CC4CF5 /* Build configuration list for PBXProject "TwitterClone" */ = {
			isa = XCConfigurationList;
			buildConfigurations = (
				B477B25829B0A9D300CC4CF5 /* Debug */,
				B477B25929B0A9D300CC4CF5 /* Release */,
			);
			defaultConfigurationIsVisible = 0;
			defaultConfigurationName = Release;
		};
		B477B25A29B0A9D300CC4CF5 /* Build configuration list for PBXNativeTarget "TwitterClone" */ = {
			isa = XCConfigurationList;
			buildConfigurations = (
				B477B25B29B0A9D300CC4CF5 /* Debug */,
				B477B25C29B0A9D300CC4CF5 /* Release */,
			);
			defaultConfigurationIsVisible = 0;
			defaultConfigurationName = Release;
		};
/* End XCConfigurationList section */

/* Begin XCRemoteSwiftPackageReference section */
		B477B27129B8841200CC4CF5 /* XCRemoteSwiftPackageReference "SnapKit" */ = {
			isa = XCRemoteSwiftPackageReference;
			repositoryURL = "https://github.com/SnapKit/SnapKit";
			requirement = {
				branch = develop;
				kind = branch;
			};
		};
		B477B28729BB277200CC4CF5 /* XCRemoteSwiftPackageReference "firebase-ios-sdk" */ = {
			isa = XCRemoteSwiftPackageReference;
			repositoryURL = "https://github.com/firebase/firebase-ios-sdk";
			requirement = {
				kind = exactVersion;
				version = 9.6.0;
			};
		};
/* End XCRemoteSwiftPackageReference section */

/* Begin XCSwiftPackageProductDependency section */
		B477B27229B8841200CC4CF5 /* SnapKit */ = {
			isa = XCSwiftPackageProductDependency;
			package = B477B27129B8841200CC4CF5 /* XCRemoteSwiftPackageReference "SnapKit" */;
			productName = SnapKit;
		};
		B477B28829BB277200CC4CF5 /* FirebaseAuth */ = {
			isa = XCSwiftPackageProductDependency;
			package = B477B28729BB277200CC4CF5 /* XCRemoteSwiftPackageReference "firebase-ios-sdk" */;
			productName = FirebaseAuth;
		};
		B477B28A29BB277200CC4CF5 /* FirebaseDatabase */ = {
			isa = XCSwiftPackageProductDependency;
			package = B477B28729BB277200CC4CF5 /* XCRemoteSwiftPackageReference "firebase-ios-sdk" */;
			productName = FirebaseDatabase;
		};
		B477B28C29BB277200CC4CF5 /* FirebaseStorage */ = {
			isa = XCSwiftPackageProductDependency;
			package = B477B28729BB277200CC4CF5 /* XCRemoteSwiftPackageReference "firebase-ios-sdk" */;
			productName = FirebaseStorage;
		};
/* End XCSwiftPackageProductDependency section */
	};
	rootObject = B477B23E29B0A9D200CC4CF5 /* Project object */;
}
